<Solution>
  <Folder Name="/src/">
    <Project Path="src/EsiosClient/EsiosClient.csproj" />
  </Folder>
  <Folder Name="/tests/">
    <Project Path="tests/EsiosClient.ConsoleTest/EsiosClient.ConsoleTest.csproj" />
    <Project Path="tests/EsiosClient.Tests/EsiosClient.Tests.csproj" />
  </Folder>
</Solution>
